// !$*UTF8*$!
{
	archiveVersion = 1;
	classes = {
	};
	objectVersion = 46;
	objects = {

/* Begin PBXBuildFile section */
		341148371D4DEC3100EB01E2 /* main.cpp in Sources */ = {isa = PBXBuildFile; fileRef = 341148361D4DEC3100EB01E2 /* main.cpp */; };
		3411483F1D4DECF500EB01E2 /* PInfo.cpp in Sources */ = {isa = PBXBuildFile; fileRef = 3411483D1D4DECF500EB01E2 /* PInfo.cpp */; };
		341148421D4DED5D00EB01E2 /* RecSolver.cpp in Sources */ = {isa = PBXBuildFile; fileRef = 341148401D4DED5D00EB01E2 /* RecSolver.cpp */; };
		341148451D4DEE0500EB01E2 /* IterSolver.cpp in Sources */ = {isa = PBXBuildFile; fileRef = 341148431D4DEE0500EB01E2 /* IterSolver.cpp */; };
/* End PBXBuildFile section */

/* Begin PBXCopyFilesBuildPhase section */
		341148311D4DEC3100EB01E2 /* CopyFiles */ = {
			isa = PBXCopyFilesBuildPhase;
			buildActionMask = 2147483647;
			dstPath = /usr/share/man/man1/;
			dstSubfolderSpec = 0;
			files = (
			);
			runOnlyForDeploymentPostprocessing = 1;
		};
/* End PBXCopyFilesBuildPhase section */

/* Begin PBXFileReference section */
		341148331D4DEC3100EB01E2 /* OptimialGreedySolutionMinimizeInjectivePairing */ = {isa = PBXFileReference; explicitFileType = "compiled.mach-o.executable"; includeInIndex = 0; path = OptimialGreedySolutionMinimizeInjectivePairing; sourceTree = BUILT_PRODUCTS_DIR; };
		341148361D4DEC3100EB01E2 /* main.cpp */ = {isa = PBXFileReference; lastKnownFileType = sourcecode.cpp.cpp; path = main.cpp; sourceTree = "<group>"; };
		3411483D1D4DECF500EB01E2 /* PInfo.cpp */ = {isa = PBXFileReference; fileEncoding = 4; lastKnownFileType = sourcecode.cpp.cpp; path = PInfo.cpp; sourceTree = "<group>"; };
		3411483E1D4DECF500EB01E2 /* PInfo.hpp */ = {isa = PBXFileReference; fileEncoding = 4; lastKnownFileType = sourcecode.cpp.h; path = PInfo.hpp; sourceTree = "<group>"; };
		341148401D4DED5D00EB01E2 /* RecSolver.cpp */ = {isa = PBXFileReference; fileEncoding = 4; lastKnownFileType = sourcecode.cpp.cpp; path = RecSolver.cpp; sourceTree = "<group>"; };
		341148411D4DED5D00EB01E2 /* RecSolver.hpp */ = {isa = PBXFileReference; fileEncoding = 4; lastKnownFileType = sourcecode.cpp.h; path = RecSolver.hpp; sourceTree = "<group>"; };
		341148431D4DEE0500EB01E2 /* IterSolver.cpp */ = {isa = PBXFileReference; fileEncoding = 4; lastKnownFileType = sourcecode.cpp.cpp; path = IterSolver.cpp; sourceTree = "<group>"; };
		341148441D4DEE0500EB01E2 /* IterSolver.hpp */ = {isa = PBXFileReference; fileEncoding = 4; lastKnownFileType = sourcecode.cpp.h; path = IterSolver.hpp; sourceTree = "<group>"; };
/* End PBXFileReference section */

/* Begin PBXFrameworksBuildPhase section */
		341148301D4DEC3100EB01E2 /* Frameworks */ = {
			isa = PBXFrameworksBuildPhase;
			buildActionMask = 2147483647;
			files = (
			);
			runOnlyForDeploymentPostprocessing = 0;
		};
/* End PBXFrameworksBuildPhase section */

/* Begin PBXGroup section */
		3411482A1D4DEC3100EB01E2 = {
			isa = PBXGroup;
			children = (
				341148351D4DEC3100EB01E2 /* OptimialGreedySolutionMinimizeInjectivePairing */,
				341148341D4DEC3100EB01E2 /* Products */,
			);
			sourceTree = "<group>";
		};
		341148341D4DEC3100EB01E2 /* Products */ = {
			isa = PBXGroup;
			children = (
				341148331D4DEC3100EB01E2 /* OptimialGreedySolutionMinimizeInjectivePairing */,
			);
			name = Products;
			sourceTree = "<group>";
		};
		341148351D4DEC3100EB01E2 /* OptimialGreedySolutionMinimizeInjectivePairing */ = {
			isa = PBXGroup;
			children = (
				341148361D4DEC3100EB01E2 /* main.cpp */,
				341148431D4DEE0500EB01E2 /* IterSolver.cpp */,
				341148441D4DEE0500EB01E2 /* IterSolver.hpp */,
				341148401D4DED5D00EB01E2 /* RecSolver.cpp */,
				341148411D4DED5D00EB01E2 /* RecSolver.hpp */,
				3411483D1D4DECF500EB01E2 /* PInfo.cpp */,
				3411483E1D4DECF500EB01E2 /* PInfo.hpp */,
			);
			path = OptimialGreedySolutionMinimizeInjectivePairing;
			sourceTree = "<group>";
		};
/* End PBXGroup section */

/* Begin PBXNativeTarget section */
		341148321D4DEC3100EB01E2 /* OptimialGreedySolutionMinimizeInjectivePairing */ = {
			isa = PBXNativeTarget;
			buildConfigurationList = 3411483A1D4DEC3100EB01E2 /* Build configuration list for PBXNativeTarget "OptimialGreedySolutionMinimizeInjectivePairing" */;
			buildPhases = (
				3411482F1D4DEC3100EB01E2 /* Sources */,
				341148301D4DEC3100EB01E2 /* Frameworks */,
				341148311D4DEC3100EB01E2 /* CopyFiles */,
			);
			buildRules = (
			);
			dependencies = (
			);
			name = OptimialGreedySolutionMinimizeInjectivePairing;
			productName = OptimialGreedySolutionMinimizeInjectivePairing;
			productReference = 341148331D4DEC3100EB01E2 /* OptimialGreedySolutionMinimizeInjectivePairing */;
			productType = "com.apple.product-type.tool";
		};
/* End PBXNativeTarget section */

/* Begin PBXProject section */
		3411482B1D4DEC3100EB01E2 /* Project object */ = {
			isa = PBXProject;
			attributes = {
				LastUpgradeCheck = 0730;
				ORGANIZATIONNAME = "Kevin Zhang";
				TargetAttributes = {
					341148321D4DEC3100EB01E2 = {
						CreatedOnToolsVersion = 7.3.1;
					};
				};
			};
			buildConfigurationList = 3411482E1D4DEC3100EB01E2 /* Build configuration list for PBXProject "OptimialGreedySolutionMinimizeInjectivePairing" */;
			compatibilityVersion = "Xcode 3.2";
			developmentRegion = English;
			hasScannedForEncodings = 0;
			knownRegions = (
				en,
			);
			mainGroup = 3411482A1D4DEC3100EB01E2;
			productRefGroup = 341148341D4DEC3100EB01E2 /* Products */;
			projectDirPath = "";
			projectRoot = "";
			targets = (
				341148321D4DEC3100EB01E2 /* OptimialGreedySolutionMinimizeInjectivePairing */,
			);
		};
/* End PBXProject section */

/* Begin PBXSourcesBuildPhase section */
		3411482F1D4DEC3100EB01E2 /* Sources */ = {
			isa = PBXSourcesBuildPhase;
			buildActionMask = 2147483647;
			files = (
				3411483F1D4DECF500EB01E2 /* PInfo.cpp in Sources */,
				341148371D4DEC3100EB01E2 /* main.cpp in Sources */,
				341148451D4DEE0500EB01E2 /* IterSolver.cpp in Sources */,
				341148421D4DED5D00EB01E2 /* RecSolver.cpp in Sources */,
			);
			runOnlyForDeploymentPostprocessing = 0;
		};
/* End PBXSourcesBuildPhase section */

/* Begin XCBuildConfiguration section */
		341148381D4DEC3100EB01E2 /* Debug */ = {
			isa = XCBuildConfiguration;
			buildSettings = {
				ALWAYS_SEARCH_USER_PATHS = NO;
				CLANG_ANALYZER_NONNULL = YES;
				CLANG_CXX_LANGUAGE_STANDARD = "gnu++0x";
				CLANG_CXX_LIBRARY = "libc++";
				CLANG_ENABLE_MODULES = YES;
				CLANG_ENABLE_OBJC_ARC = YES;
				CLANG_WARN_BOOL_CONVERSION = YES;
				CLANG_WARN_CONSTANT_CONVERSION = YES;
				CLANG_WARN_DIRECT_OBJC_ISA_USAGE = YES_ERROR;
				CLANG_WARN_EMPTY_BODY = YES;
				CLANG_WARN_ENUM_CONVERSION = YES;
				CLANG_WARN_INT_CONVERSION = YES;
				CLANG_WARN_OBJC_ROOT_CLASS = YES_ERROR;
				CLANG_WARN_UNREACHABLE_CODE = YES;
				CLANG_WARN__DUPLICATE_METHOD_MATCH = YES;
				CODE_SIGN_IDENTITY = "-";
				COPY_PHASE_STRIP = NO;
				DEBUG_INFORMATION_FORMAT = dwarf;
				ENABLE_STRICT_OBJC_MSGSEND = YES;
				ENABLE_TESTABILITY = YES;
				GCC_C_LANGUAGE_STANDARD = gnu99;
				GCC_DYNAMIC_NO_PIC = NO;
				GCC_NO_COMMON_BLOCKS = YES;
				GCC_OPTIMIZATION_LEVEL = 0;
				GCC_PREPROCESSOR_DEFINITIONS = (
					"DEBUG=1",
					"$(inherited)",
				);
				GCC_WARN_64_TO_32_BIT_CONVERSION = YES;
				GCC_WARN_ABOUT_RETURN_TYPE = YES_ERROR;
				GCC_WARN_UNDECLARED_SELECTOR = YES;
				GCC_WARN_UNINITIALIZED_AUTOS = YES_AGGRESSIVE;
				GCC_WARN_UNUSED_FUNCTION = YES;
				GCC_WARN_UNUSED_VARIABLE = YES;
				MACOSX_DEPLOYMENT_TARGET = 10.11;
				MTL_ENABLE_DEBUG_INFO = YES;
				ONLY_ACTIVE_ARCH = YES;
				SDKROOT = macosx;
			};
			name = Debug;
		};
		341148391D4DEC3100EB01E2 /* Release */ = {
			isa = XCBuildConfiguration;
			buildSettings = {
				ALWAYS_SEARCH_USER_PATHS = NO;
				CLANG_ANALYZER_NONNULL = YES;
				CLANG_CXX_LANGUAGE_STANDARD = "gnu++0x";
				CLANG_CXX_LIBRARY = "libc++";
				CLANG_ENABLE_MODULES = YES;
				CLANG_ENABLE_OBJC_ARC = YES;
				CLANG_WARN_BOOL_CONVERSION = YES;
				CLANG_WARN_CONSTANT_CONVERSION = YES;
				CLANG_WARN_DIRECT_OBJC_ISA_USAGE = YES_ERROR;
				CLANG_WARN_EMPTY_BODY = YES;
				CLANG_WARN_ENUM_CONVERSION = YES;
				CLANG_WARN_INT_CONVERSION = YES;
				CLANG_WARN_OBJC_ROOT_CLASS = YES_ERROR;
				CLANG_WARN_UNREACHABLE_CODE = YES;
				CLANG_WARN__DUPLICATE_METHOD_MATCH = YES;
				CODE_SIGN_IDENTITY = "-";
				COPY_PHASE_STRIP = NO;
				DEBUG_INFORMATION_FORMAT = "dwarf-with-dsym";
				ENABLE_NS_ASSERTIONS = NO;
				ENABLE_STRICT_OBJC_MSGSEND = YES;
				GCC_C_LANGUAGE_STANDARD = gnu99;
				GCC_NO_COMMON_BLOCKS = YES;
				GCC_WARN_64_TO_32_BIT_CONVERSION = YES;
				GCC_WARN_ABOUT_RETURN_TYPE = YES_ERROR;
				GCC_WARN_UNDECLARED_SELECTOR = YES;
				GCC_WARN_UNINITIALIZED_AUTOS = YES_AGGRESSIVE;
				GCC_WARN_UNUSED_FUNCTION = YES;
				GCC_WARN_UNUSED_VARIABLE = YES;
				MACOSX_DEPLOYMENT_TARGET = 10.11;
				MTL_ENABLE_DEBUG_INFO = NO;
				SDKROOT = macosx;
			};
			name = Release;
		};
		3411483B1D4DEC3100EB01E2 /* Debug */ = {
			isa = XCBuildConfiguration;
			buildSettings = {
				PRODUCT_NAME = "$(TARGET_NAME)";
			};
			name = Debug;
		};
		3411483C1D4DEC3100EB01E2 /* Release */ = {
			isa = XCBuildConfiguration;
			buildSettings = {
				PRODUCT_NAME = "$(TARGET_NAME)";
			};
			name = Release;
		};
/* End XCBuildConfiguration section */

/* Begin XCConfigurationList section */
		3411482E1D4DEC3100EB01E2 /* Build configuration list for PBXProject "OptimialGreedySolutionMinimizeInjectivePairing" */ = {
			isa = XCConfigurationList;
			buildConfigurations = (
				341148381D4DEC3100EB01E2 /* Debug */,
				341148391D4DEC3100EB01E2 /* Release */,
			);
			defaultConfigurationIsVisible = 0;
			defaultConfigurationName = Release;
		};
		3411483A1D4DEC3100EB01E2 /* Build configuration list for PBXNativeTarget "OptimialGreedySolutionMinimizeInjectivePairing" */ = {
			isa = XCConfigurationList;
			buildConfigurations = (
				3411483B1D4DEC3100EB01E2 /* Debug */,
				3411483C1D4DEC3100EB01E2 /* Release */,
			);
			defaultConfigurationIsVisible = 0;
		};
/* End XCConfigurationList section */
	};
	rootObject = 3411482B1D4DEC3100EB01E2 /* Project object */;
}
